// !$*UTF8*$!
{
	archiveVersion = 1;
	classes = {
	};
	objectVersion = 46;
	objects = {

/* Begin PBXBuildFile section */
		4A9E4B401C61904500373C8A /* AppDelegate.swift in Sources */ = {isa = PBXBuildFile; fileRef = 4A9E4B3F1C61904500373C8A /* AppDelegate.swift */; };
		4A9E4B421C61904500373C8A /* ViewController.swift in Sources */ = {isa = PBXBuildFile; fileRef = 4A9E4B411C61904500373C8A /* ViewController.swift */; };
		4A9E4B451C61904500373C8A /* Main.storyboard in Resources */ = {isa = PBXBuildFile; fileRef = 4A9E4B431C61904500373C8A /* Main.storyboard */; };
		4A9E4B471C61904500373C8A /* Assets.xcassets in Resources */ = {isa = PBXBuildFile; fileRef = 4A9E4B461C61904500373C8A /* Assets.xcassets */; };
		4A9E4B4A1C61904500373C8A /* LaunchScreen.storyboard in Resources */ = {isa = PBXBuildFile; fileRef = 4A9E4B481C61904500373C8A /* LaunchScreen.storyboard */; };
		4A9E4B551C61904600373C8A /* Button_funTests.swift in Sources */ = {isa = PBXBuildFile; fileRef = 4A9E4B541C61904600373C8A /* Button_funTests.swift */; };
		4A9E4B601C61904600373C8A /* Button_funUITests.swift in Sources */ = {isa = PBXBuildFile; fileRef = 4A9E4B5F1C61904600373C8A /* Button_funUITests.swift */; };
/* End PBXBuildFile section */

/* Begin PBXContainerItemProxy section */
		4A9E4B511C61904600373C8A /* PBXContainerItemProxy */ = {
			isa = PBXContainerItemProxy;
			containerPortal = 4A9E4B341C61904500373C8A /* Project object */;
			proxyType = 1;
			remoteGlobalIDString = 4A9E4B3B1C61904500373C8A;
			remoteInfo = "Button fun";
		};
		4A9E4B5C1C61904600373C8A /* PBXContainerItemProxy */ = {
			isa = PBXContainerItemProxy;
			containerPortal = 4A9E4B341C61904500373C8A /* Project object */;
			proxyType = 1;
			remoteGlobalIDString = 4A9E4B3B1C61904500373C8A;
			remoteInfo = "Button fun";
		};
/* End PBXContainerItemProxy section */

/* Begin PBXFileReference section */
		4A9E4B3C1C61904500373C8A /* Button fun.app */ = {isa = PBXFileReference; explicitFileType = wrapper.application; includeInIndex = 0; path = "Button fun.app"; sourceTree = BUILT_PRODUCTS_DIR; };
		4A9E4B3F1C61904500373C8A /* AppDelegate.swift */ = {isa = PBXFileReference; lastKnownFileType = sourcecode.swift; path = AppDelegate.swift; sourceTree = "<group>"; };
		4A9E4B411C61904500373C8A /* ViewController.swift */ = {isa = PBXFileReference; lastKnownFileType = sourcecode.swift; path = ViewController.swift; sourceTree = "<group>"; };
		4A9E4B441C61904500373C8A /* Base */ = {isa = PBXFileReference; lastKnownFileType = file.storyboard; name = Base; path = Base.lproj/Main.storyboard; sourceTree = "<group>"; };
		4A9E4B461C61904500373C8A /* Assets.xcassets */ = {isa = PBXFileReference; lastKnownFileType = folder.assetcatalog; path = Assets.xcassets; sourceTree = "<group>"; };
		4A9E4B491C61904500373C8A /* Base */ = {isa = PBXFileReference; lastKnownFileType = file.storyboard; name = Base; path = Base.lproj/LaunchScreen.storyboard; sourceTree = "<group>"; };
		4A9E4B4B1C61904500373C8A /* Info.plist */ = {isa = PBXFileReference; lastKnownFileType = text.plist.xml; path = Info.plist; sourceTree = "<group>"; };
		4A9E4B501C61904600373C8A /* Button funTests.xctest */ = {isa = PBXFileReference; explicitFileType = wrapper.cfbundle; includeInIndex = 0; path = "Button funTests.xctest"; sourceTree = BUILT_PRODUCTS_DIR; };
		4A9E4B541C61904600373C8A /* Button_funTests.swift */ = {isa = PBXFileReference; lastKnownFileType = sourcecode.swift; path = Button_funTests.swift; sourceTree = "<group>"; };
		4A9E4B561C61904600373C8A /* Info.plist */ = {isa = PBXFileReference; lastKnownFileType = text.plist.xml; path = Info.plist; sourceTree = "<group>"; };
		4A9E4B5B1C61904600373C8A /* Button funUITests.xctest */ = {isa = PBXFileReference; explicitFileType = wrapper.cfbundle; includeInIndex = 0; path = "Button funUITests.xctest"; sourceTree = BUILT_PRODUCTS_DIR; };
		4A9E4B5F1C61904600373C8A /* Button_funUITests.swift */ = {isa = PBXFileReference; lastKnownFileType = sourcecode.swift; path = Button_funUITests.swift; sourceTree = "<group>"; };
		4A9E4B611C61904600373C8A /* Info.plist */ = {isa = PBXFileReference; lastKnownFileType = text.plist.xml; path = Info.plist; sourceTree = "<group>"; };
/* End PBXFileReference section */

/* Begin PBXFrameworksBuildPhase section */
		4A9E4B391C61904500373C8A /* Frameworks */ = {
			isa = PBXFrameworksBuildPhase;
			buildActionMask = 2147483647;
			files = (
			);
			runOnlyForDeploymentPostprocessing = 0;
		};
		4A9E4B4D1C61904600373C8A /* Frameworks */ = {
			isa = PBXFrameworksBuildPhase;
			buildActionMask = 2147483647;
			files = (
			);
			runOnlyForDeploymentPostprocessing = 0;
		};
		4A9E4B581C61904600373C8A /* Frameworks */ = {
			isa = PBXFrameworksBuildPhase;
			buildActionMask = 2147483647;
			files = (
			);
			runOnlyForDeploymentPostprocessing = 0;
		};
/* End PBXFrameworksBuildPhase section */

/* Begin PBXGroup section */
		4A9E4B331C61904500373C8A = {
			isa = PBXGroup;
			children = (
				4A9E4B3E1C61904500373C8A /* Button fun */,
				4A9E4B531C61904600373C8A /* Button funTests */,
				4A9E4B5E1C61904600373C8A /* Button funUITests */,
				4A9E4B3D1C61904500373C8A /* Products */,
			);
			sourceTree = "<group>";
		};
		4A9E4B3D1C61904500373C8A /* Products */ = {
			isa = PBXGroup;
			children = (
				4A9E4B3C1C61904500373C8A /* Button fun.app */,
				4A9E4B501C61904600373C8A /* Button funTests.xctest */,
				4A9E4B5B1C61904600373C8A /* Button funUITests.xctest */,
			);
			name = Products;
			sourceTree = "<group>";
		};
		4A9E4B3E1C61904500373C8A /* Button fun */ = {
			isa = PBXGroup;
			children = (
				4A9E4B3F1C61904500373C8A /* AppDelegate.swift */,
				4A9E4B411C61904500373C8A /* ViewController.swift */,
				4A9E4B431C61904500373C8A /* Main.storyboard */,
				4A9E4B461C61904500373C8A /* Assets.xcassets */,
				4A9E4B481C61904500373C8A /* LaunchScreen.storyboard */,
				4A9E4B4B1C61904500373C8A /* Info.plist */,
			);
			path = "Button fun";
			sourceTree = "<group>";
		};
		4A9E4B531C61904600373C8A /* Button funTests */ = {
			isa = PBXGroup;
			children = (
				4A9E4B541C61904600373C8A /* Button_funTests.swift */,
				4A9E4B561C61904600373C8A /* Info.plist */,
			);
			path = "Button funTests";
			sourceTree = "<group>";
		};
		4A9E4B5E1C61904600373C8A /* Button funUITests */ = {
			isa = PBXGroup;
			children = (
				4A9E4B5F1C61904600373C8A /* Button_funUITests.swift */,
				4A9E4B611C61904600373C8A /* Info.plist */,
			);
			path = "Button funUITests";
			sourceTree = "<group>";
		};
/* End PBXGroup section */

/* Begin PBXNativeTarget section */
		4A9E4B3B1C61904500373C8A /* Button fun */ = {
			isa = PBXNativeTarget;
			buildConfigurationList = 4A9E4B641C61904600373C8A /* Build configuration list for PBXNativeTarget "Button fun" */;
			buildPhases = (
				4A9E4B381C61904500373C8A /* Sources */,
				4A9E4B391C61904500373C8A /* Frameworks */,
				4A9E4B3A1C61904500373C8A /* Resources */,
			);
			buildRules = (
			);
			dependencies = (
			);
			name = "Button fun";
			productName = "Button fun";
			productReference = 4A9E4B3C1C61904500373C8A /* Button fun.app */;
			productType = "com.apple.product-type.application";
		};
		4A9E4B4F1C61904600373C8A /* Button funTests */ = {
			isa = PBXNativeTarget;
			buildConfigurationList = 4A9E4B671C61904600373C8A /* Build configuration list for PBXNativeTarget "Button funTests" */;
			buildPhases = (
				4A9E4B4C1C61904600373C8A /* Sources */,
				4A9E4B4D1C61904600373C8A /* Frameworks */,
				4A9E4B4E1C61904600373C8A /* Resources */,
			);
			buildRules = (
			);
			dependencies = (
				4A9E4B521C61904600373C8A /* PBXTargetDependency */,
			);
			name = "Button funTests";
			productName = "Button funTests";
			productReference = 4A9E4B501C61904600373C8A /* Button funTests.xctest */;
			productType = "com.apple.product-type.bundle.unit-test";
		};
		4A9E4B5A1C61904600373C8A /* Button funUITests */ = {
			isa = PBXNativeTarget;
			buildConfigurationList = 4A9E4B6A1C61904600373C8A /* Build configuration list for PBXNativeTarget "Button funUITests" */;
			buildPhases = (
				4A9E4B571C61904600373C8A /* Sources */,
				4A9E4B581C61904600373C8A /* Frameworks */,
				4A9E4B591C61904600373C8A /* Resources */,
			);
			buildRules = (
			);
			dependencies = (
				4A9E4B5D1C61904600373C8A /* PBXTargetDependency */,
			);
			name = "Button funUITests";
			productName = "Button funUITests";
			productReference = 4A9E4B5B1C61904600373C8A /* Button funUITests.xctest */;
			productType = "com.apple.product-type.bundle.ui-testing";
		};
/* End PBXNativeTarget section */

/* Begin PBXProject section */
		4A9E4B341C61904500373C8A /* Project object */ = {
			isa = PBXProject;
			attributes = {
				LastSwiftUpdateCheck = 0720;
				LastUpgradeCheck = 0720;
				ORGANIZATIONNAME = "Alejandro Salas";
				TargetAttributes = {
					4A9E4B3B1C61904500373C8A = {
						CreatedOnToolsVersion = 7.2;
					};
					4A9E4B4F1C61904600373C8A = {
						CreatedOnToolsVersion = 7.2;
						TestTargetID = 4A9E4B3B1C61904500373C8A;
					};
					4A9E4B5A1C61904600373C8A = {
						CreatedOnToolsVersion = 7.2;
						TestTargetID = 4A9E4B3B1C61904500373C8A;
					};
				};
			};
			buildConfigurationList = 4A9E4B371C61904500373C8A /* Build configuration list for PBXProject "Button fun" */;
			compatibilityVersion = "Xcode 3.2";
			developmentRegion = English;
			hasScannedForEncodings = 0;
			knownRegions = (
				en,
				Base,
			);
			mainGroup = 4A9E4B331C61904500373C8A;
			productRefGroup = 4A9E4B3D1C61904500373C8A /* Products */;
			projectDirPath = "";
			projectRoot = "";
			targets = (
				4A9E4B3B1C61904500373C8A /* Button fun */,
				4A9E4B4F1C61904600373C8A /* Button funTests */,
				4A9E4B5A1C61904600373C8A /* Button funUITests */,
			);
		};
/* End PBXProject section */

/* Begin PBXResourcesBuildPhase section */
		4A9E4B3A1C61904500373C8A /* Resources */ = {
			isa = PBXResourcesBuildPhase;
			buildActionMask = 2147483647;
			files = (
				4A9E4B4A1C61904500373C8A /* LaunchScreen.storyboard in Resources */,
				4A9E4B471C61904500373C8A /* Assets.xcassets in Resources */,
				4A9E4B451C61904500373C8A /* Main.storyboard in Resources */,
			);
			runOnlyForDeploymentPostprocessing = 0;
		};
		4A9E4B4E1C61904600373C8A /* Resources */ = {
			isa = PBXResourcesBuildPhase;
			buildActionMask = 2147483647;
			files = (
			);
			runOnlyForDeploymentPostprocessing = 0;
		};
		4A9E4B591C61904600373C8A /* Resources */ = {
			isa = PBXResourcesBuildPhase;
			buildActionMask = 2147483647;
			files = (
			);
			runOnlyForDeploymentPostprocessing = 0;
		};
/* End PBXResourcesBuildPhase section */

/* Begin PBXSourcesBuildPhase section */
		4A9E4B381C61904500373C8A /* Sources */ = {
			isa = PBXSourcesBuildPhase;
			buildActionMask = 2147483647;
			files = (
				4A9E4B421C61904500373C8A /* ViewController.swift in Sources */,
				4A9E4B401C61904500373C8A /* AppDelegate.swift in Sources */,
			);
			runOnlyForDeploymentPostprocessing = 0;
		};
		4A9E4B4C1C61904600373C8A /* Sources */ = {
			isa = PBXSourcesBuildPhase;
			buildActionMask = 2147483647;
			files = (
				4A9E4B551C61904600373C8A /* Button_funTests.swift in Sources */,
			);
			runOnlyForDeploymentPostprocessing = 0;
		};
		4A9E4B571C61904600373C8A /* Sources */ = {
			isa = PBXSourcesBuildPhase;
			buildActionMask = 2147483647;
			files = (
				4A9E4B601C61904600373C8A /* Button_funUITests.swift in Sources */,
			);
			runOnlyForDeploymentPostprocessing = 0;
		};
/* End PBXSourcesBuildPhase section */

/* Begin PBXTargetDependency section */
		4A9E4B521C61904600373C8A /* PBXTargetDependency */ = {
			isa = PBXTargetDependency;
			target = 4A9E4B3B1C61904500373C8A /* Button fun */;
			targetProxy = 4A9E4B511C61904600373C8A /* PBXContainerItemProxy */;
		};
		4A9E4B5D1C61904600373C8A /* PBXTargetDependency */ = {
			isa = PBXTargetDependency;
			target = 4A9E4B3B1C61904500373C8A /* Button fun */;
			targetProxy = 4A9E4B5C1C61904600373C8A /* PBXContainerItemProxy */;
		};
/* End PBXTargetDependency section */

/* Begin PBXVariantGroup section */
		4A9E4B431C61904500373C8A /* Main.storyboard */ = {
			isa = PBXVariantGroup;
			children = (
				4A9E4B441C61904500373C8A /* Base */,
			);
			name = Main.storyboard;
			sourceTree = "<group>";
		};
		4A9E4B481C61904500373C8A /* LaunchScreen.storyboard */ = {
			isa = PBXVariantGroup;
			children = (
				4A9E4B491C61904500373C8A /* Base */,
			);
			name = LaunchScreen.storyboard;
			sourceTree = "<group>";
		};
/* End PBXVariantGroup section */

/* Begin XCBuildConfiguration section */
		4A9E4B621C61904600373C8A /* Debug */ = {
			isa = XCBuildConfiguration;
			buildSettings = {
				ALWAYS_SEARCH_USER_PATHS = NO;
				CLANG_CXX_LANGUAGE_STANDARD = "gnu++0x";
				CLANG_CXX_LIBRARY = "libc++";
				CLANG_ENABLE_MODULES = YES;
				CLANG_ENABLE_OBJC_ARC = YES;
				CLANG_WARN_BOOL_CONVERSION = YES;
				CLANG_WARN_CONSTANT_CONVERSION = YES;
				CLANG_WARN_DIRECT_OBJC_ISA_USAGE = YES_ERROR;
				CLANG_WARN_EMPTY_BODY = YES;
				CLANG_WARN_ENUM_CONVERSION = YES;
				CLANG_WARN_INT_CONVERSION = YES;
				CLANG_WARN_OBJC_ROOT_CLASS = YES_ERROR;
				CLANG_WARN_UNREACHABLE_CODE = YES;
				CLANG_WARN__DUPLICATE_METHOD_MATCH = YES;
				"CODE_SIGN_IDENTITY[sdk=iphoneos*]" = "iPhone Developer";
				COPY_PHASE_STRIP = NO;
				DEBUG_INFORMATION_FORMAT = dwarf;
				ENABLE_STRICT_OBJC_MSGSEND = YES;
				ENABLE_TESTABILITY = YES;
				GCC_C_LANGUAGE_STANDARD = gnu99;
				GCC_DYNAMIC_NO_PIC = NO;
				GCC_NO_COMMON_BLOCKS = YES;
				GCC_OPTIMIZATION_LEVEL = 0;
				GCC_PREPROCESSOR_DEFINITIONS = (
					"DEBUG=1",
					"$(inherited)",
				);
				GCC_WARN_64_TO_32_BIT_CONVERSION = YES;
				GCC_WARN_ABOUT_RETURN_TYPE = YES_ERROR;
				GCC_WARN_UNDECLARED_SELECTOR = YES;
				GCC_WARN_UNINITIALIZED_AUTOS = YES_AGGRESSIVE;
				GCC_WARN_UNUSED_FUNCTION = YES;
				GCC_WARN_UNUSED_VARIABLE = YES;
				IPHONEOS_DEPLOYMENT_TARGET = 9.2;
				MTL_ENABLE_DEBUG_INFO = YES;
				ONLY_ACTIVE_ARCH = YES;
				SDKROOT = iphoneos;
				SWIFT_OPTIMIZATION_LEVEL = "-Onone";
				TARGETED_DEVICE_FAMILY = "1,2";
			};
			name = Debug;
		};
		4A9E4B631C61904600373C8A /* Release */ = {
			isa = XCBuildConfiguration;
			buildSettings = {
				ALWAYS_SEARCH_USER_PATHS = NO;
				CLANG_CXX_LANGUAGE_STANDARD = "gnu++0x";
				CLANG_CXX_LIBRARY = "libc++";
				CLANG_ENABLE_MODULES = YES;
				CLANG_ENABLE_OBJC_ARC = YES;
				CLANG_WARN_BOOL_CONVERSION = YES;
				CLANG_WARN_CONSTANT_CONVERSION = YES;
				CLANG_WARN_DIRECT_OBJC_ISA_USAGE = YES_ERROR;
				CLANG_WARN_EMPTY_BODY = YES;
				CLANG_WARN_ENUM_CONVERSION = YES;
				CLANG_WARN_INT_CONVERSION = YES;
				CLANG_WARN_OBJC_ROOT_CLASS = YES_ERROR;
				CLANG_WARN_UNREACHABLE_CODE = YES;
				CLANG_WARN__DUPLICATE_METHOD_MATCH = YES;
				"CODE_SIGN_IDENTITY[sdk=iphoneos*]" = "iPhone Developer";
				COPY_PHASE_STRIP = NO;
				DEBUG_INFORMATION_FORMAT = "dwarf-with-dsym";
				ENABLE_NS_ASSERTIONS = NO;
				ENABLE_STRICT_OBJC_MSGSEND = YES;
				GCC_C_LANGUAGE_STANDARD = gnu99;
				GCC_NO_COMMON_BLOCKS = YES;
				GCC_WARN_64_TO_32_BIT_CONVERSION = YES;
				GCC_WARN_ABOUT_RETURN_TYPE = YES_ERROR;
				GCC_WARN_UNDECLARED_SELECTOR = YES;
				GCC_WARN_UNINITIALIZED_AUTOS = YES_AGGRESSIVE;
				GCC_WARN_UNUSED_FUNCTION = YES;
				GCC_WARN_UNUSED_VARIABLE = YES;
				IPHONEOS_DEPLOYMENT_TARGET = 9.2;
				MTL_ENABLE_DEBUG_INFO = NO;
				SDKROOT = iphoneos;
				TARGETED_DEVICE_FAMILY = "1,2";
				VALIDATE_PRODUCT = YES;
			};
			name = Release;
		};
		4A9E4B651C61904600373C8A /* Debug */ = {
			isa = XCBuildConfiguration;
			buildSettings = {
				ASSETCATALOG_COMPILER_APPICON_NAME = AppIcon;
				INFOPLIST_FILE = "Button fun/Info.plist";
				LD_RUNPATH_SEARCH_PATHS = "$(inherited) @executable_path/Frameworks";
				PRODUCT_BUNDLE_IDENTIFIER = "Salas.Button-fun";
				PRODUCT_NAME = "$(TARGET_NAME)";
			};
			name = Debug;
		};
		4A9E4B661C61904600373C8A /* Release */ = {
			isa = XCBuildConfiguration;
			buildSettings = {
				ASSETCATALOG_COMPILER_APPICON_NAME = AppIcon;
				INFOPLIST_FILE = "Button fun/Info.plist";
				LD_RUNPATH_SEARCH_PATHS = "$(inherited) @executable_path/Frameworks";
				PRODUCT_BUNDLE_IDENTIFIER = "Salas.Button-fun";
				PRODUCT_NAME = "$(TARGET_NAME)";
			};
			name = Release;
		};
		4A9E4B681C61904600373C8A /* Debug */ = {
			isa = XCBuildConfiguration;
			buildSettings = {
				BUNDLE_LOADER = "$(TEST_HOST)";
				INFOPLIST_FILE = "Button funTests/Info.plist";
				LD_RUNPATH_SEARCH_PATHS = "$(inherited) @executable_path/Frameworks @loader_path/Frameworks";
				PRODUCT_BUNDLE_IDENTIFIER = "Salas.Button-funTests";
				PRODUCT_NAME = "$(TARGET_NAME)";
				TEST_HOST = "$(BUILT_PRODUCTS_DIR)/Button fun.app/Button fun";
			};
			name = Debug;
		};
		4A9E4B691C61904600373C8A /* Release */ = {
			isa = XCBuildConfiguration;
			buildSettings = {
				BUNDLE_LOADER = "$(TEST_HOST)";
				INFOPLIST_FILE = "Button funTests/Info.plist";
				LD_RUNPATH_SEARCH_PATHS = "$(inherited) @executable_path/Frameworks @loader_path/Frameworks";
				PRODUCT_BUNDLE_IDENTIFIER = "Salas.Button-funTests";
				PRODUCT_NAME = "$(TARGET_NAME)";
				TEST_HOST = "$(BUILT_PRODUCTS_DIR)/Button fun.app/Button fun";
			};
			name = Release;
		};
		4A9E4B6B1C61904600373C8A /* Debug */ = {
			isa = XCBuildConfiguration;
			buildSettings = {
				INFOPLIST_FILE = "Button funUITests/Info.plist";
				LD_RUNPATH_SEARCH_PATHS = "$(inherited) @executable_path/Frameworks @loader_path/Frameworks";
				PRODUCT_BUNDLE_IDENTIFIER = "Salas.Button-funUITests";
				PRODUCT_NAME = "$(TARGET_NAME)";
				TEST_TARGET_NAME = "Button fun";
				USES_XCTRUNNER = YES;
			};
			name = Debug;
		};
		4A9E4B6C1C61904600373C8A /* Release */ = {
			isa = XCBuildConfiguration;
			buildSettings = {
				INFOPLIST_FILE = "Button funUITests/Info.plist";
				LD_RUNPATH_SEARCH_PATHS = "$(inherited) @executable_path/Frameworks @loader_path/Frameworks";
				PRODUCT_BUNDLE_IDENTIFIER = "Salas.Button-funUITests";
				PRODUCT_NAME = "$(TARGET_NAME)";
				TEST_TARGET_NAME = "Button fun";
				USES_XCTRUNNER = YES;
			};
			name = Release;
		};
/* End XCBuildConfiguration section */

/* Begin XCConfigurationList section */
		4A9E4B371C61904500373C8A /* Build configuration list for PBXProject "Button fun" */ = {
			isa = XCConfigurationList;
			buildConfigurations = (
				4A9E4B621C61904600373C8A /* Debug */,
				4A9E4B631C61904600373C8A /* Release */,
			);
			defaultConfigurationIsVisible = 0;
			defaultConfigurationName = Release;
		};
		4A9E4B641C61904600373C8A /* Build configuration list for PBXNativeTarget "Button fun" */ = {
			isa = XCConfigurationList;
			buildConfigurations = (
				4A9E4B651C61904600373C8A /* Debug */,
				4A9E4B661C61904600373C8A /* Release */,
			);
			defaultConfigurationIsVisible = 0;
		};
		4A9E4B671C61904600373C8A /* Build configuration list for PBXNativeTarget "Button funTests" */ = {
			isa = XCConfigurationList;
			buildConfigurations = (
				4A9E4B681C61904600373C8A /* Debug */,
				4A9E4B691C61904600373C8A /* Release */,
			);
			defaultConfigurationIsVisible = 0;
		};
		4A9E4B6A1C61904600373C8A /* Build configuration list for PBXNativeTarget "Button funUITests" */ = {
			isa = XCConfigurationList;
			buildConfigurations = (
				4A9E4B6B1C61904600373C8A /* Debug */,
				4A9E4B6C1C61904600373C8A /* Release */,
			);
			defaultConfigurationIsVisible = 0;
		};
/* End XCConfigurationList section */
	};
	rootObject = 4A9E4B341C61904500373C8A /* Project object */;
}
